// !$*UTF8*$!
{
	archiveVersion = 1;
	classes = {
	};
	objectVersion = 55;
	objects = {

/* Begin PBXBuildFile section */
		1890974828808AAE00572676 /* BytecipherDemo.h in Headers */ = {isa = PBXBuildFile; fileRef = 1890974728808AAE00572676 /* BytecipherDemo.h */; settings = {ATTRIBUTES = (Public, ); }; };
		1890975028808AD200572676 /* AVKit.framework in Frameworks */ = {isa = PBXBuildFile; fileRef = 1890974F28808AD200572676 /* AVKit.framework */; };
		1890975228808B2400572676 /* BytecipherManager.swift in Sources */ = {isa = PBXBuildFile; fileRef = 1890975128808B2400572676 /* BytecipherManager.swift */; };
		1890975A28808B9600572676 /* AppDelegate.swift in Sources */ = {isa = PBXBuildFile; fileRef = 1890975928808B9600572676 /* AppDelegate.swift */; };
		1890975C28808B9600572676 /* SceneDelegate.swift in Sources */ = {isa = PBXBuildFile; fileRef = 1890975B28808B9600572676 /* SceneDelegate.swift */; };
		1890975E28808B9600572676 /* ViewController.swift in Sources */ = {isa = PBXBuildFile; fileRef = 1890975D28808B9600572676 /* ViewController.swift */; };
		1890976128808B9600572676 /* Main.storyboard in Resources */ = {isa = PBXBuildFile; fileRef = 1890975F28808B9600572676 /* Main.storyboard */; };
		1890976328808B9700572676 /* Assets.xcassets in Resources */ = {isa = PBXBuildFile; fileRef = 1890976228808B9700572676 /* Assets.xcassets */; };
		1890976628808B9700572676 /* LaunchScreen.storyboard in Resources */ = {isa = PBXBuildFile; fileRef = 1890976428808B9700572676 /* LaunchScreen.storyboard */; };
		1890976B28808C3900572676 /* BytecipherDemo.framework in Frameworks */ = {isa = PBXBuildFile; fileRef = 1890974428808AAE00572676 /* BytecipherDemo.framework */; };
		1890976C28808C3900572676 /* BytecipherDemo.framework in Embed Frameworks */ = {isa = PBXBuildFile; fileRef = 1890974428808AAE00572676 /* BytecipherDemo.framework */; settings = {ATTRIBUTES = (CodeSignOnCopy, RemoveHeadersOnCopy, ); }; };
/* End PBXBuildFile section */

/* Begin PBXContainerItemProxy section */
		1890976D28808C3900572676 /* PBXContainerItemProxy */ = {
			isa = PBXContainerItemProxy;
			containerPortal = 1890973B28808AAE00572676 /* Project object */;
			proxyType = 1;
			remoteGlobalIDString = 1890974328808AAE00572676;
			remoteInfo = BytecipherDemo;
		};
/* End PBXContainerItemProxy section */

/* Begin PBXCopyFilesBuildPhase section */
		1890976F28808C3900572676 /* Embed Frameworks */ = {
			isa = PBXCopyFilesBuildPhase;
			buildActionMask = 2147483647;
			dstPath = "";
			dstSubfolderSpec = 10;
			files = (
				1890976C28808C3900572676 /* BytecipherDemo.framework in Embed Frameworks */,
			);
			name = "Embed Frameworks";
			runOnlyForDeploymentPostprocessing = 0;
		};
/* End PBXCopyFilesBuildPhase section */

/* Begin PBXFileReference section */
		1890974428808AAE00572676 /* BytecipherDemo.framework */ = {isa = PBXFileReference; explicitFileType = wrapper.framework; includeInIndex = 0; path = BytecipherDemo.framework; sourceTree = BUILT_PRODUCTS_DIR; };
		1890974728808AAE00572676 /* BytecipherDemo.h */ = {isa = PBXFileReference; lastKnownFileType = sourcecode.c.h; path = BytecipherDemo.h; sourceTree = "<group>"; };
		1890974F28808AD200572676 /* AVKit.framework */ = {isa = PBXFileReference; lastKnownFileType = wrapper.framework; name = AVKit.framework; path = Platforms/MacOSX.platform/Developer/SDKs/MacOSX12.3.sdk/System/iOSSupport/System/Library/Frameworks/AVKit.framework; sourceTree = DEVELOPER_DIR; };
		1890975128808B2400572676 /* BytecipherManager.swift */ = {isa = PBXFileReference; lastKnownFileType = sourcecode.swift; path = BytecipherManager.swift; sourceTree = "<group>"; };
		1890975728808B9600572676 /* BytecipherApp.app */ = {isa = PBXFileReference; explicitFileType = wrapper.application; includeInIndex = 0; path = BytecipherApp.app; sourceTree = BUILT_PRODUCTS_DIR; };
		1890975928808B9600572676 /* AppDelegate.swift */ = {isa = PBXFileReference; lastKnownFileType = sourcecode.swift; path = AppDelegate.swift; sourceTree = "<group>"; };
		1890975B28808B9600572676 /* SceneDelegate.swift */ = {isa = PBXFileReference; lastKnownFileType = sourcecode.swift; path = SceneDelegate.swift; sourceTree = "<group>"; };
		1890975D28808B9600572676 /* ViewController.swift */ = {isa = PBXFileReference; lastKnownFileType = sourcecode.swift; path = ViewController.swift; sourceTree = "<group>"; };
		1890976028808B9600572676 /* Base */ = {isa = PBXFileReference; lastKnownFileType = file.storyboard; name = Base; path = Base.lproj/Main.storyboard; sourceTree = "<group>"; };
		1890976228808B9700572676 /* Assets.xcassets */ = {isa = PBXFileReference; lastKnownFileType = folder.assetcatalog; path = Assets.xcassets; sourceTree = "<group>"; };
		1890976528808B9700572676 /* Base */ = {isa = PBXFileReference; lastKnownFileType = file.storyboard; name = Base; path = Base.lproj/LaunchScreen.storyboard; sourceTree = "<group>"; };
		1890976728808B9700572676 /* Info.plist */ = {isa = PBXFileReference; lastKnownFileType = text.plist.xml; path = Info.plist; sourceTree = "<group>"; };
/* End PBXFileReference section */

/* Begin PBXFrameworksBuildPhase section */
		1890974128808AAE00572676 /* Frameworks */ = {
			isa = PBXFrameworksBuildPhase;
			buildActionMask = 2147483647;
			files = (
				1890975028808AD200572676 /* AVKit.framework in Frameworks */,
			);
			runOnlyForDeploymentPostprocessing = 0;
		};
		1890975428808B9600572676 /* Frameworks */ = {
			isa = PBXFrameworksBuildPhase;
			buildActionMask = 2147483647;
			files = (
				1890976B28808C3900572676 /* BytecipherDemo.framework in Frameworks */,
			);
			runOnlyForDeploymentPostprocessing = 0;
		};
/* End PBXFrameworksBuildPhase section */

/* Begin PBXGroup section */
		1890973A28808AAE00572676 = {
			isa = PBXGroup;
			children = (
				1890974628808AAE00572676 /* BytecipherDemo */,
				1890975828808B9600572676 /* BytecipherApp */,
				1890974528808AAE00572676 /* Products */,
				1890974E28808AD200572676 /* Frameworks */,
			);
			sourceTree = "<group>";
		};
		1890974528808AAE00572676 /* Products */ = {
			isa = PBXGroup;
			children = (
				1890974428808AAE00572676 /* BytecipherDemo.framework */,
				1890975728808B9600572676 /* BytecipherApp.app */,
			);
			name = Products;
			sourceTree = "<group>";
		};
		1890974628808AAE00572676 /* BytecipherDemo */ = {
			isa = PBXGroup;
			children = (
				1890974728808AAE00572676 /* BytecipherDemo.h */,
				1890975128808B2400572676 /* BytecipherManager.swift */,
			);
			path = BytecipherDemo;
			sourceTree = "<group>";
		};
		1890974E28808AD200572676 /* Frameworks */ = {
			isa = PBXGroup;
			children = (
				1890974F28808AD200572676 /* AVKit.framework */,
			);
			name = Frameworks;
			sourceTree = "<group>";
		};
		1890975828808B9600572676 /* BytecipherApp */ = {
			isa = PBXGroup;
			children = (
				1890975928808B9600572676 /* AppDelegate.swift */,
				1890975B28808B9600572676 /* SceneDelegate.swift */,
				1890975D28808B9600572676 /* ViewController.swift */,
				1890975F28808B9600572676 /* Main.storyboard */,
				1890976228808B9700572676 /* Assets.xcassets */,
				1890976428808B9700572676 /* LaunchScreen.storyboard */,
				1890976728808B9700572676 /* Info.plist */,
			);
			path = BytecipherApp;
			sourceTree = "<group>";
		};
/* End PBXGroup section */

/* Begin PBXHeadersBuildPhase section */
		1890973F28808AAE00572676 /* Headers */ = {
			isa = PBXHeadersBuildPhase;
			buildActionMask = 2147483647;
			files = (
				1890974828808AAE00572676 /* BytecipherDemo.h in Headers */,
			);
			runOnlyForDeploymentPostprocessing = 0;
		};
/* End PBXHeadersBuildPhase section */

/* Begin PBXNativeTarget section */
		1890974328808AAE00572676 /* BytecipherDemo */ = {
			isa = PBXNativeTarget;
			buildConfigurationList = 1890974B28808AAE00572676 /* Build configuration list for PBXNativeTarget "BytecipherDemo" */;
			buildPhases = (
				1890973F28808AAE00572676 /* Headers */,
				1890974028808AAE00572676 /* Sources */,
				1890974128808AAE00572676 /* Frameworks */,
				1890974228808AAE00572676 /* Resources */,
			);
			buildRules = (
			);
			dependencies = (
			);
			name = BytecipherDemo;
			productName = BytecipherDemo;
			productReference = 1890974428808AAE00572676 /* BytecipherDemo.framework */;
			productType = "com.apple.product-type.framework";
		};
		1890975628808B9600572676 /* BytecipherApp */ = {
			isa = PBXNativeTarget;
			buildConfigurationList = 1890976828808B9700572676 /* Build configuration list for PBXNativeTarget "BytecipherApp" */;
			buildPhases = (
				1890975328808B9600572676 /* Sources */,
				1890975428808B9600572676 /* Frameworks */,
				1890975528808B9600572676 /* Resources */,
				1890976F28808C3900572676 /* Embed Frameworks */,
			);
			buildRules = (
			);
			dependencies = (
				1890976E28808C3900572676 /* PBXTargetDependency */,
			);
			name = BytecipherApp;
			productName = BytecipherApp;
			productReference = 1890975728808B9600572676 /* BytecipherApp.app */;
			productType = "com.apple.product-type.application";
		};
/* End PBXNativeTarget section */

/* Begin PBXProject section */
		1890973B28808AAE00572676 /* Project object */ = {
			isa = PBXProject;
			attributes = {
				BuildIndependentTargetsInParallel = 1;
				LastSwiftUpdateCheck = 1340;
				LastUpgradeCheck = 1340;
				TargetAttributes = {
					1890974328808AAE00572676 = {
						CreatedOnToolsVersion = 13.4.1;
						LastSwiftMigration = 1340;
					};
					1890975628808B9600572676 = {
						CreatedOnToolsVersion = 13.4.1;
					};
				};
			};
			buildConfigurationList = 1890973E28808AAE00572676 /* Build configuration list for PBXProject "BytecipherDemo" */;
			compatibilityVersion = "Xcode 13.0";
			developmentRegion = en;
			hasScannedForEncodings = 0;
			knownRegions = (
				en,
				Base,
			);
			mainGroup = 1890973A28808AAE00572676;
			productRefGroup = 1890974528808AAE00572676 /* Products */;
			projectDirPath = "";
			projectRoot = "";
			targets = (
				1890974328808AAE00572676 /* BytecipherDemo */,
				1890975628808B9600572676 /* BytecipherApp */,
			);
		};
/* End PBXProject section */

/* Begin PBXResourcesBuildPhase section */
		1890974228808AAE00572676 /* Resources */ = {
			isa = PBXResourcesBuildPhase;
			buildActionMask = 2147483647;
			files = (
			);
			runOnlyForDeploymentPostprocessing = 0;
		};
		1890975528808B9600572676 /* Resources */ = {
			isa = PBXResourcesBuildPhase;
			buildActionMask = 2147483647;
			files = (
				1890976628808B9700572676 /* LaunchScreen.storyboard in Resources */,
				1890976328808B9700572676 /* Assets.xcassets in Resources */,
				1890976128808B9600572676 /* Main.storyboard in Resources */,
			);
			runOnlyForDeploymentPostprocessing = 0;
		};
/* End PBXResourcesBuildPhase section */

/* Begin PBXSourcesBuildPhase section */
		1890974028808AAE00572676 /* Sources */ = {
			isa = PBXSourcesBuildPhase;
			buildActionMask = 2147483647;
			files = (
				1890975228808B2400572676 /* BytecipherManager.swift in Sources */,
			);
			runOnlyForDeploymentPostprocessing = 0;
		};
		1890975328808B9600572676 /* Sources */ = {
			isa = PBXSourcesBuildPhase;
			buildActionMask = 2147483647;
			files = (
				1890975E28808B9600572676 /* ViewController.swift in Sources */,
				1890975A28808B9600572676 /* AppDelegate.swift in Sources */,
				1890975C28808B9600572676 /* SceneDelegate.swift in Sources */,
			);
			runOnlyForDeploymentPostprocessing = 0;
		};
/* End PBXSourcesBuildPhase section */

/* Begin PBXTargetDependency section */
		1890976E28808C3900572676 /* PBXTargetDependency */ = {
			isa = PBXTargetDependency;
			target = 1890974328808AAE00572676 /* BytecipherDemo */;
			targetProxy = 1890976D28808C3900572676 /* PBXContainerItemProxy */;
		};
/* End PBXTargetDependency section */

/* Begin PBXVariantGroup section */
		1890975F28808B9600572676 /* Main.storyboard */ = {
			isa = PBXVariantGroup;
			children = (
				1890976028808B9600572676 /* Base */,
			);
			name = Main.storyboard;
			sourceTree = "<group>";
		};
		1890976428808B9700572676 /* LaunchScreen.storyboard */ = {
			isa = PBXVariantGroup;
			children = (
				1890976528808B9700572676 /* Base */,
			);
			name = LaunchScreen.storyboard;
			sourceTree = "<group>";
		};
/* End PBXVariantGroup section */

/* Begin XCBuildConfiguration section */
		1890974928808AAE00572676 /* Debug */ = {
			isa = XCBuildConfiguration;
			buildSettings = {
				ALWAYS_SEARCH_USER_PATHS = NO;
				CLANG_ANALYZER_NONNULL = YES;
				CLANG_ANALYZER_NUMBER_OBJECT_CONVERSION = YES_AGGRESSIVE;
				CLANG_CXX_LANGUAGE_STANDARD = "gnu++17";
				CLANG_ENABLE_MODULES = YES;
				CLANG_ENABLE_OBJC_ARC = YES;
				CLANG_ENABLE_OBJC_WEAK = YES;
				CLANG_WARN_BLOCK_CAPTURE_AUTORELEASING = YES;
				CLANG_WARN_BOOL_CONVERSION = YES;
				CLANG_WARN_COMMA = YES;
				CLANG_WARN_CONSTANT_CONVERSION = YES;
				CLANG_WARN_DEPRECATED_OBJC_IMPLEMENTATIONS = YES;
				CLANG_WARN_DIRECT_OBJC_ISA_USAGE = YES_ERROR;
				CLANG_WARN_DOCUMENTATION_COMMENTS = YES;
				CLANG_WARN_EMPTY_BODY = YES;
				CLANG_WARN_ENUM_CONVERSION = YES;
				CLANG_WARN_INFINITE_RECURSION = YES;
				CLANG_WARN_INT_CONVERSION = YES;
				CLANG_WARN_NON_LITERAL_NULL_CONVERSION = YES;
				CLANG_WARN_OBJC_IMPLICIT_RETAIN_SELF = YES;
				CLANG_WARN_OBJC_LITERAL_CONVERSION = YES;
				CLANG_WARN_OBJC_ROOT_CLASS = YES_ERROR;
				CLANG_WARN_QUOTED_INCLUDE_IN_FRAMEWORK_HEADER = YES;
				CLANG_WARN_RANGE_LOOP_ANALYSIS = YES;
				CLANG_WARN_STRICT_PROTOTYPES = YES;
				CLANG_WARN_SUSPICIOUS_MOVE = YES;
				CLANG_WARN_UNGUARDED_AVAILABILITY = YES_AGGRESSIVE;
				CLANG_WARN_UNREACHABLE_CODE = YES;
				CLANG_WARN__DUPLICATE_METHOD_MATCH = YES;
				COPY_PHASE_STRIP = NO;
				CURRENT_PROJECT_VERSION = 1;
				DEBUG_INFORMATION_FORMAT = dwarf;
				ENABLE_STRICT_OBJC_MSGSEND = YES;
				ENABLE_TESTABILITY = YES;
				GCC_C_LANGUAGE_STANDARD = gnu11;
				GCC_DYNAMIC_NO_PIC = NO;
				GCC_NO_COMMON_BLOCKS = YES;
				GCC_OPTIMIZATION_LEVEL = 0;
				GCC_PREPROCESSOR_DEFINITIONS = (
					"DEBUG=1",
					"$(inherited)",
				);
				GCC_WARN_64_TO_32_BIT_CONVERSION = YES;
				GCC_WARN_ABOUT_RETURN_TYPE = YES_ERROR;
				GCC_WARN_UNDECLARED_SELECTOR = YES;
				GCC_WARN_UNINITIALIZED_AUTOS = YES_AGGRESSIVE;
				GCC_WARN_UNUSED_FUNCTION = YES;
				GCC_WARN_UNUSED_VARIABLE = YES;
				IPHONEOS_DEPLOYMENT_TARGET = 15.5;
				MTL_ENABLE_DEBUG_INFO = INCLUDE_SOURCE;
				MTL_FAST_MATH = YES;
				ONLY_ACTIVE_ARCH = YES;
				SDKROOT = iphoneos;
				SWIFT_ACTIVE_COMPILATION_CONDITIONS = DEBUG;
				SWIFT_OPTIMIZATION_LEVEL = "-Onone";
				VERSIONING_SYSTEM = "apple-generic";
				VERSION_INFO_PREFIX = "";
			};
			name = Debug;
		};
		1890974A28808AAE00572676 /* Release */ = {
			isa = XCBuildConfiguration;
			buildSettings = {
				ALWAYS_SEARCH_USER_PATHS = NO;
				CLANG_ANALYZER_NONNULL = YES;
				CLANG_ANALYZER_NUMBER_OBJECT_CONVERSION = YES_AGGRESSIVE;
				CLANG_CXX_LANGUAGE_STANDARD = "gnu++17";
				CLANG_ENABLE_MODULES = YES;
				CLANG_ENABLE_OBJC_ARC = YES;
				CLANG_ENABLE_OBJC_WEAK = YES;
				CLANG_WARN_BLOCK_CAPTURE_AUTORELEASING = YES;
				CLANG_WARN_BOOL_CONVERSION = YES;
				CLANG_WARN_COMMA = YES;
				CLANG_WARN_CONSTANT_CONVERSION = YES;
				CLANG_WARN_DEPRECATED_OBJC_IMPLEMENTATIONS = YES;
				CLANG_WARN_DIRECT_OBJC_ISA_USAGE = YES_ERROR;
				CLANG_WARN_DOCUMENTATION_COMMENTS = YES;
				CLANG_WARN_EMPTY_BODY = YES;
				CLANG_WARN_ENUM_CONVERSION = YES;
				CLANG_WARN_INFINITE_RECURSION = YES;
				CLANG_WARN_INT_CONVERSION = YES;
				CLANG_WARN_NON_LITERAL_NULL_CONVERSION = YES;
				CLANG_WARN_OBJC_IMPLICIT_RETAIN_SELF = YES;
				CLANG_WARN_OBJC_LITERAL_CONVERSION = YES;
				CLANG_WARN_OBJC_ROOT_CLASS = YES_ERROR;
				CLANG_WARN_QUOTED_INCLUDE_IN_FRAMEWORK_HEADER = YES;
				CLANG_WARN_RANGE_LOOP_ANALYSIS = YES;
				CLANG_WARN_STRICT_PROTOTYPES = YES;
				CLANG_WARN_SUSPICIOUS_MOVE = YES;
				CLANG_WARN_UNGUARDED_AVAILABILITY = YES_AGGRESSIVE;
				CLANG_WARN_UNREACHABLE_CODE = YES;
				CLANG_WARN__DUPLICATE_METHOD_MATCH = YES;
				COPY_PHASE_STRIP = NO;
				CURRENT_PROJECT_VERSION = 1;
				DEBUG_INFORMATION_FORMAT = "dwarf-with-dsym";
				ENABLE_NS_ASSERTIONS = NO;
				ENABLE_STRICT_OBJC_MSGSEND = YES;
				GCC_C_LANGUAGE_STANDARD = gnu11;
				GCC_NO_COMMON_BLOCKS = YES;
				GCC_WARN_64_TO_32_BIT_CONVERSION = YES;
				GCC_WARN_ABOUT_RETURN_TYPE = YES_ERROR;
				GCC_WARN_UNDECLARED_SELECTOR = YES;
				GCC_WARN_UNINITIALIZED_AUTOS = YES_AGGRESSIVE;
				GCC_WARN_UNUSED_FUNCTION = YES;
				GCC_WARN_UNUSED_VARIABLE = YES;
				IPHONEOS_DEPLOYMENT_TARGET = 15.5;
				MTL_ENABLE_DEBUG_INFO = NO;
				MTL_FAST_MATH = YES;
				SDKROOT = iphoneos;
				SWIFT_COMPILATION_MODE = wholemodule;
				SWIFT_OPTIMIZATION_LEVEL = "-O";
				VALIDATE_PRODUCT = YES;
				VERSIONING_SYSTEM = "apple-generic";
				VERSION_INFO_PREFIX = "";
			};
			name = Release;
		};
		1890974C28808AAE00572676 /* Debug */ = {
			isa = XCBuildConfiguration;
			buildSettings = {
				CLANG_ENABLE_MODULES = YES;
				CODE_SIGN_STYLE = Automatic;
				CURRENT_PROJECT_VERSION = 1;
				DEFINES_MODULE = YES;
				DEVELOPMENT_TEAM = 9WB9QL8269;
				DYLIB_COMPATIBILITY_VERSION = 1;
				DYLIB_CURRENT_VERSION = 1;
				DYLIB_INSTALL_NAME_BASE = "@rpath";
				GENERATE_INFOPLIST_FILE = YES;
				INFOPLIST_KEY_NSHumanReadableCopyright = "";
				INSTALL_PATH = "$(LOCAL_LIBRARY_DIR)/Frameworks";
				LD_RUNPATH_SEARCH_PATHS = (
					"$(inherited)",
					"@executable_path/Frameworks",
					"@loader_path/Frameworks",
				);
				MARKETING_VERSION = 1.0;
				PRODUCT_BUNDLE_IDENTIFIER = it.com.BytecipherDemo;
				PRODUCT_NAME = "$(TARGET_NAME:c99extidentifier)";
				SKIP_INSTALL = YES;
				SWIFT_EMIT_LOC_STRINGS = YES;
				SWIFT_OPTIMIZATION_LEVEL = "-Onone";
				SWIFT_VERSION = 5.0;
				TARGETED_DEVICE_FAMILY = "1,2";
			};
			name = Debug;
		};
		1890974D28808AAE00572676 /* Release */ = {
			isa = XCBuildConfiguration;
			buildSettings = {
				CLANG_ENABLE_MODULES = YES;
				CODE_SIGN_STYLE = Automatic;
				CURRENT_PROJECT_VERSION = 1;
				DEFINES_MODULE = YES;
				DEVELOPMENT_TEAM = 9WB9QL8269;
				DYLIB_COMPATIBILITY_VERSION = 1;
				DYLIB_CURRENT_VERSION = 1;
				DYLIB_INSTALL_NAME_BASE = "@rpath";
				GENERATE_INFOPLIST_FILE = YES;
				INFOPLIST_KEY_NSHumanReadableCopyright = "";
				INSTALL_PATH = "$(LOCAL_LIBRARY_DIR)/Frameworks";
				LD_RUNPATH_SEARCH_PATHS = (
					"$(inherited)",
					"@executable_path/Frameworks",
					"@loader_path/Frameworks",
				);
				MARKETING_VERSION = 1.0;
				PRODUCT_BUNDLE_IDENTIFIER = it.com.BytecipherDemo;
				PRODUCT_NAME = "$(TARGET_NAME:c99extidentifier)";
				SKIP_INSTALL = YES;
				SWIFT_EMIT_LOC_STRINGS = YES;
				SWIFT_VERSION = 5.0;
				TARGETED_DEVICE_FAMILY = "1,2";
			};
			name = Release;
		};
		1890976928808B9700572676 /* Debug */ = {
			isa = XCBuildConfiguration;
			buildSettings = {
				ASSETCATALOG_COMPILER_APPICON_NAME = AppIcon;
				ASSETCATALOG_COMPILER_GLOBAL_ACCENT_COLOR_NAME = AccentColor;
				CODE_SIGN_STYLE = Automatic;
				CURRENT_PROJECT_VERSION = 1;
				DEVELOPMENT_TEAM = 9WB9QL8269;
				GENERATE_INFOPLIST_FILE = YES;
				INFOPLIST_FILE = BytecipherApp/Info.plist;
				INFOPLIST_KEY_UIApplicationSupportsIndirectInputEvents = YES;
				INFOPLIST_KEY_UILaunchStoryboardName = LaunchScreen;
				INFOPLIST_KEY_UIMainStoryboardFile = Main;
				INFOPLIST_KEY_UISupportedInterfaceOrientations_iPad = "UIInterfaceOrientationPortrait UIInterfaceOrientationPortraitUpsideDown UIInterfaceOrientationLandscapeLeft UIInterfaceOrientationLandscapeRight";
				INFOPLIST_KEY_UISupportedInterfaceOrientations_iPhone = "UIInterfaceOrientationPortrait UIInterfaceOrientationLandscapeLeft UIInterfaceOrientationLandscapeRight";
				LD_RUNPATH_SEARCH_PATHS = (
					"$(inherited)",
					"@executable_path/Frameworks",
				);
				MARKETING_VERSION = 1.0;
				PRODUCT_BUNDLE_IDENTIFIER = it.com.BytecipherApp;
				PRODUCT_NAME = "$(TARGET_NAME)";
				SWIFT_EMIT_LOC_STRINGS = YES;
				SWIFT_VERSION = 5.0;
				TARGETED_DEVICE_FAMILY = "1,2";
			};
			name = Debug;
		};
		1890976A28808B9700572676 /* Release */ = {
			isa = XCBuildConfiguration;
			buildSettings = {
				ASSETCATALOG_COMPILER_APPICON_NAME = AppIcon;
				ASSETCATALOG_COMPILER_GLOBAL_ACCENT_COLOR_NAME = AccentColor;
				CODE_SIGN_STYLE = Automatic;
				CURRENT_PROJECT_VERSION = 1;
				DEVELOPMENT_TEAM = 9WB9QL8269;
				GENERATE_INFOPLIST_FILE = YES;
				INFOPLIST_FILE = BytecipherApp/Info.plist;
				INFOPLIST_KEY_UIApplicationSupportsIndirectInputEvents = YES;
				INFOPLIST_KEY_UILaunchStoryboardName = LaunchScreen;
				INFOPLIST_KEY_UIMainStoryboardFile = Main;
				INFOPLIST_KEY_UISupportedInterfaceOrientations_iPad = "UIInterfaceOrientationPortrait UIInterfaceOrientationPortraitUpsideDown UIInterfaceOrientationLandscapeLeft UIInterfaceOrientationLandscapeRight";
				INFOPLIST_KEY_UISupportedInterfaceOrientations_iPhone = "UIInterfaceOrientationPortrait UIInterfaceOrientationLandscapeLeft UIInterfaceOrientationLandscapeRight";
				LD_RUNPATH_SEARCH_PATHS = (
					"$(inherited)",
					"@executable_path/Frameworks",
				);
				MARKETING_VERSION = 1.0;
				PRODUCT_BUNDLE_IDENTIFIER = it.com.BytecipherApp;
				PRODUCT_NAME = "$(TARGET_NAME)";
				SWIFT_EMIT_LOC_STRINGS = YES;
				SWIFT_VERSION = 5.0;
				TARGETED_DEVICE_FAMILY = "1,2";
			};
			name = Release;
		};
/* End XCBuildConfiguration section */

/* Begin XCConfigurationList section */
		1890973E28808AAE00572676 /* Build configuration list for PBXProject "BytecipherDemo" */ = {
			isa = XCConfigurationList;
			buildConfigurations = (
				1890974928808AAE00572676 /* Debug */,
				1890974A28808AAE00572676 /* Release */,
			);
			defaultConfigurationIsVisible = 0;
			defaultConfigurationName = Release;
		};
		1890974B28808AAE00572676 /* Build configuration list for PBXNativeTarget "BytecipherDemo" */ = {
			isa = XCConfigurationList;
			buildConfigurations = (
				1890974C28808AAE00572676 /* Debug */,
				1890974D28808AAE00572676 /* Release */,
			);
			defaultConfigurationIsVisible = 0;
			defaultConfigurationName = Release;
		};
		1890976828808B9700572676 /* Build configuration list for PBXNativeTarget "BytecipherApp" */ = {
			isa = XCConfigurationList;
			buildConfigurations = (
				1890976928808B9700572676 /* Debug */,
				1890976A28808B9700572676 /* Release */,
			);
			defaultConfigurationIsVisible = 0;
			defaultConfigurationName = Release;
		};
/* End XCConfigurationList section */
	};
	rootObject = 1890973B28808AAE00572676 /* Project object */;
}
